
Microsoft Visual Studio Solution File, Format Version 12.00
# Visual Studio Version 17
VisualStudioVersion = 17.8.34511.84
MinimumVisualStudioVersion = 10.0.40219.1
Project("{9A19103F-16F7-4668-BE54-9A1E7A4F7556}") = "ServiceManager", "ServiceManager\ServiceManager.csproj", "{83DAE06C-C33E-49DD-8D00-2097728FC496}"
EndProject
Global
	GlobalSection(SolutionConfigurationPlatforms) = preSolution
		Debug|Any CPU = Debug|Any CPU
		Release|Any CPU = Release|Any CPU
	EndGlobalSection
	GlobalSection(ProjectConfigurationPlatforms) = postSolution
		{83DAE06C-C33E-49DD-8D00-2097728FC496}.Debug|Any CPU.ActiveCfg = Debug|Any CPU
		{83DAE06C-C33E-49DD-8D00-2097728FC496}.Debug|Any CPU.Build.0 = Debug|Any CPU
		{83DAE06C-C33E-49DD-8D00-2097728FC496}.Release|Any CPU.ActiveCfg = Release|Any CPU
		{83DAE06C-C33E-49DD-8D00-2097728FC496}.Release|Any CPU.Build.0 = Release|Any CPU
	EndGlobalSection
	GlobalSection(SolutionProperties) = preSolution
		HideSolutionNode = FALSE
	EndGlobalSection
	GlobalSection(ExtensibilityGlobals) = postSolution
		SolutionGuid = {63815D64-67E6-4329-9E5A-C2421F33D869}
	EndGlobalSection
EndGlobal
